// !$*UTF8*$!
{
	archiveVersion = 1;
	classes = {
	};
	objectVersion = 46;
	objects = {

/* Begin PBXBuildFile section */
		807113B418E503B500C2316E /* Foundation.framework in Frameworks */ = {isa = PBXBuildFile; fileRef = 807113B318E503B500C2316E /* Foundation.framework */; };
		807113B618E503B500C2316E /* CoreGraphics.framework in Frameworks */ = {isa = PBXBuildFile; fileRef = 807113B518E503B500C2316E /* CoreGraphics.framework */; };
		807113B818E503B500C2316E /* UIKit.framework in Frameworks */ = {isa = PBXBuildFile; fileRef = 807113B718E503B500C2316E /* UIKit.framework */; };
		807113BE18E503B500C2316E /* InfoPlist.strings in Resources */ = {isa = PBXBuildFile; fileRef = 807113BC18E503B500C2316E /* InfoPlist.strings */; };
		807113C018E503B500C2316E /* main.m in Sources */ = {isa = PBXBuildFile; fileRef = 807113BF18E503B500C2316E /* main.m */; };
		807113C418E503B500C2316E /* AppDelegate.m in Sources */ = {isa = PBXBuildFile; fileRef = 807113C318E503B500C2316E /* AppDelegate.m */; };
		807113C618E503B500C2316E /* Images.xcassets in Resources */ = {isa = PBXBuildFile; fileRef = 807113C518E503B500C2316E /* Images.xcassets */; };
		807113CD18E503B500C2316E /* XCTest.framework in Frameworks */ = {isa = PBXBuildFile; fileRef = 807113CC18E503B500C2316E /* XCTest.framework */; };
		807113CE18E503B500C2316E /* Foundation.framework in Frameworks */ = {isa = PBXBuildFile; fileRef = 807113B318E503B500C2316E /* Foundation.framework */; };
		807113CF18E503B500C2316E /* UIKit.framework in Frameworks */ = {isa = PBXBuildFile; fileRef = 807113B718E503B500C2316E /* UIKit.framework */; };
		807113D718E503B500C2316E /* InfoPlist.strings in Resources */ = {isa = PBXBuildFile; fileRef = 807113D518E503B500C2316E /* InfoPlist.strings */; };
		807113D918E503B500C2316E /* FacebookAppTests.m in Sources */ = {isa = PBXBuildFile; fileRef = 807113D818E503B500C2316E /* FacebookAppTests.m */; };
		80C76DD818E50451006B330E /* Facebook.storyboard in Resources */ = {isa = PBXBuildFile; fileRef = 80C76DD718E50451006B330E /* Facebook.storyboard */; };
		80C76DDB18E50475006B330E /* LoginViewController.m in Sources */ = {isa = PBXBuildFile; fileRef = 80C76DDA18E50475006B330E /* LoginViewController.m */; };
		80C76DDE18E5047E006B330E /* AppViewController.m in Sources */ = {isa = PBXBuildFile; fileRef = 80C76DDD18E5047E006B330E /* AppViewController.m */; };
		80C76DE018E50BF2006B330E /* FacebookSDK.framework in Frameworks */ = {isa = PBXBuildFile; fileRef = 80C76DDF18E50BF2006B330E /* FacebookSDK.framework */; };
		80C76DE318E50E6C006B330E /* FBAreaRequest.m in Sources */ = {isa = PBXBuildFile; fileRef = 80C76DE218E50E6C006B330E /* FBAreaRequest.m */; };
/* End PBXBuildFile section */

/* Begin PBXContainerItemProxy section */
		807113D018E503B500C2316E /* PBXContainerItemProxy */ = {
			isa = PBXContainerItemProxy;
			containerPortal = 807113A818E503B500C2316E /* Project object */;
			proxyType = 1;
			remoteGlobalIDString = 807113AF18E503B500C2316E;
			remoteInfo = FacebookApp;
		};
/* End PBXContainerItemProxy section */

/* Begin PBXFileReference section */
		807113B018E503B500C2316E /* FacebookApp.app */ = {isa = PBXFileReference; explicitFileType = wrapper.application; includeInIndex = 0; path = FacebookApp.app; sourceTree = BUILT_PRODUCTS_DIR; };
		807113B318E503B500C2316E /* Foundation.framework */ = {isa = PBXFileReference; lastKnownFileType = wrapper.framework; name = Foundation.framework; path = System/Library/Frameworks/Foundation.framework; sourceTree = SDKROOT; };
		807113B518E503B500C2316E /* CoreGraphics.framework */ = {isa = PBXFileReference; lastKnownFileType = wrapper.framework; name = CoreGraphics.framework; path = System/Library/Frameworks/CoreGraphics.framework; sourceTree = SDKROOT; };
		807113B718E503B500C2316E /* UIKit.framework */ = {isa = PBXFileReference; lastKnownFileType = wrapper.framework; name = UIKit.framework; path = System/Library/Frameworks/UIKit.framework; sourceTree = SDKROOT; };
		807113BB18E503B500C2316E /* FacebookApp-Info.plist */ = {isa = PBXFileReference; lastKnownFileType = text.plist.xml; path = "FacebookApp-Info.plist"; sourceTree = "<group>"; };
		807113BD18E503B500C2316E /* en */ = {isa = PBXFileReference; lastKnownFileType = text.plist.strings; name = en; path = en.lproj/InfoPlist.strings; sourceTree = "<group>"; };
		807113BF18E503B500C2316E /* main.m */ = {isa = PBXFileReference; lastKnownFileType = sourcecode.c.objc; path = main.m; sourceTree = "<group>"; };
		807113C118E503B500C2316E /* FacebookApp-Prefix.pch */ = {isa = PBXFileReference; lastKnownFileType = sourcecode.c.h; path = "FacebookApp-Prefix.pch"; sourceTree = "<group>"; };
		807113C218E503B500C2316E /* AppDelegate.h */ = {isa = PBXFileReference; lastKnownFileType = sourcecode.c.h; path = AppDelegate.h; sourceTree = "<group>"; };
		807113C318E503B500C2316E /* AppDelegate.m */ = {isa = PBXFileReference; lastKnownFileType = sourcecode.c.objc; path = AppDelegate.m; sourceTree = "<group>"; };
		807113C518E503B500C2316E /* Images.xcassets */ = {isa = PBXFileReference; lastKnownFileType = folder.assetcatalog; path = Images.xcassets; sourceTree = "<group>"; };
		807113CB18E503B500C2316E /* FacebookAppTests.xctest */ = {isa = PBXFileReference; explicitFileType = wrapper.cfbundle; includeInIndex = 0; path = FacebookAppTests.xctest; sourceTree = BUILT_PRODUCTS_DIR; };
		807113CC18E503B500C2316E /* XCTest.framework */ = {isa = PBXFileReference; lastKnownFileType = wrapper.framework; name = XCTest.framework; path = Library/Frameworks/XCTest.framework; sourceTree = DEVELOPER_DIR; };
		807113D418E503B500C2316E /* FacebookAppTests-Info.plist */ = {isa = PBXFileReference; lastKnownFileType = text.plist.xml; path = "FacebookAppTests-Info.plist"; sourceTree = "<group>"; };
		807113D618E503B500C2316E /* en */ = {isa = PBXFileReference; lastKnownFileType = text.plist.strings; name = en; path = en.lproj/InfoPlist.strings; sourceTree = "<group>"; };
		807113D818E503B500C2316E /* FacebookAppTests.m */ = {isa = PBXFileReference; lastKnownFileType = sourcecode.c.objc; path = FacebookAppTests.m; sourceTree = "<group>"; };
		80C76DD718E50451006B330E /* Facebook.storyboard */ = {isa = PBXFileReference; fileEncoding = 4; lastKnownFileType = file.storyboard; path = Facebook.storyboard; sourceTree = "<group>"; };
		80C76DD918E50475006B330E /* LoginViewController.h */ = {isa = PBXFileReference; fileEncoding = 4; lastKnownFileType = sourcecode.c.h; path = LoginViewController.h; sourceTree = "<group>"; };
		80C76DDA18E50475006B330E /* LoginViewController.m */ = {isa = PBXFileReference; fileEncoding = 4; lastKnownFileType = sourcecode.c.objc; path = LoginViewController.m; sourceTree = "<group>"; };
		80C76DDC18E5047E006B330E /* AppViewController.h */ = {isa = PBXFileReference; fileEncoding = 4; lastKnownFileType = sourcecode.c.h; path = AppViewController.h; sourceTree = "<group>"; };
		80C76DDD18E5047E006B330E /* AppViewController.m */ = {isa = PBXFileReference; fileEncoding = 4; lastKnownFileType = sourcecode.c.objc; path = AppViewController.m; sourceTree = "<group>"; };
		80C76DDF18E50BF2006B330E /* FacebookSDK.framework */ = {isa = PBXFileReference; lastKnownFileType = wrapper.framework; path = FacebookSDK.framework; sourceTree = "<group>"; };
		80C76DE118E50E6C006B330E /* FBAreaRequest.h */ = {isa = PBXFileReference; fileEncoding = 4; lastKnownFileType = sourcecode.c.h; path = FBAreaRequest.h; sourceTree = "<group>"; };
		80C76DE218E50E6C006B330E /* FBAreaRequest.m */ = {isa = PBXFileReference; fileEncoding = 4; lastKnownFileType = sourcecode.c.objc; path = FBAreaRequest.m; sourceTree = "<group>"; };
/* End PBXFileReference section */

/* Begin PBXFrameworksBuildPhase section */
		807113AD18E503B500C2316E /* Frameworks */ = {
			isa = PBXFrameworksBuildPhase;
			buildActionMask = 2147483647;
			files = (
				807113B618E503B500C2316E /* CoreGraphics.framework in Frameworks */,
				80C76DE018E50BF2006B330E /* FacebookSDK.framework in Frameworks */,
				807113B818E503B500C2316E /* UIKit.framework in Frameworks */,
				807113B418E503B500C2316E /* Foundation.framework in Frameworks */,
			);
			runOnlyForDeploymentPostprocessing = 0;
		};
		807113C818E503B500C2316E /* Frameworks */ = {
			isa = PBXFrameworksBuildPhase;
			buildActionMask = 2147483647;
			files = (
				807113CD18E503B500C2316E /* XCTest.framework in Frameworks */,
				807113CF18E503B500C2316E /* UIKit.framework in Frameworks */,
				807113CE18E503B500C2316E /* Foundation.framework in Frameworks */,
			);
			runOnlyForDeploymentPostprocessing = 0;
		};
/* End PBXFrameworksBuildPhase section */

/* Begin PBXGroup section */
		807113A718E503B500C2316E = {
			isa = PBXGroup;
			children = (
				807113B918E503B500C2316E /* FacebookApp */,
				807113D218E503B500C2316E /* FacebookAppTests */,
				807113B218E503B500C2316E /* Frameworks */,
				807113B118E503B500C2316E /* Products */,
			);
			sourceTree = "<group>";
		};
		807113B118E503B500C2316E /* Products */ = {
			isa = PBXGroup;
			children = (
				807113B018E503B500C2316E /* FacebookApp.app */,
				807113CB18E503B500C2316E /* FacebookAppTests.xctest */,
			);
			name = Products;
			sourceTree = "<group>";
		};
		807113B218E503B500C2316E /* Frameworks */ = {
			isa = PBXGroup;
			children = (
				80C76DDF18E50BF2006B330E /* FacebookSDK.framework */,
				807113B318E503B500C2316E /* Foundation.framework */,
				807113B518E503B500C2316E /* CoreGraphics.framework */,
				807113B718E503B500C2316E /* UIKit.framework */,
				807113CC18E503B500C2316E /* XCTest.framework */,
			);
			name = Frameworks;
			sourceTree = "<group>";
		};
		807113B918E503B500C2316E /* FacebookApp */ = {
			isa = PBXGroup;
			children = (
				80C76DD118E5043D006B330E /* App */,
				80C76DD518E5043D006B330E /* Resources */,
				807113C218E503B500C2316E /* AppDelegate.h */,
				807113C318E503B500C2316E /* AppDelegate.m */,
				807113C518E503B500C2316E /* Images.xcassets */,
				807113BA18E503B500C2316E /* Supporting Files */,
			);
			path = FacebookApp;
			sourceTree = "<group>";
		};
		807113BA18E503B500C2316E /* Supporting Files */ = {
			isa = PBXGroup;
			children = (
				807113BB18E503B500C2316E /* FacebookApp-Info.plist */,
				807113BC18E503B500C2316E /* InfoPlist.strings */,
				807113BF18E503B500C2316E /* main.m */,
				807113C118E503B500C2316E /* FacebookApp-Prefix.pch */,
			);
			name = "Supporting Files";
			sourceTree = "<group>";
		};
		807113D218E503B500C2316E /* FacebookAppTests */ = {
			isa = PBXGroup;
			children = (
				807113D818E503B500C2316E /* FacebookAppTests.m */,
				807113D318E503B500C2316E /* Supporting Files */,
			);
			path = FacebookAppTests;
			sourceTree = "<group>";
		};
		807113D318E503B500C2316E /* Supporting Files */ = {
			isa = PBXGroup;
			children = (
				807113D418E503B500C2316E /* FacebookAppTests-Info.plist */,
				807113D518E503B500C2316E /* InfoPlist.strings */,
			);
			name = "Supporting Files";
			sourceTree = "<group>";
		};
		80C76DD118E5043D006B330E /* App */ = {
			isa = PBXGroup;
			children = (
				80C76DD218E5043D006B330E /* Controller */,
				80C76DD318E5043D006B330E /* Model */,
				80C76DD418E5043D006B330E /* View */,
			);
			path = App;
			sourceTree = "<group>";
		};
		80C76DD218E5043D006B330E /* Controller */ = {
			isa = PBXGroup;
			children = (
				80C76DE118E50E6C006B330E /* FBAreaRequest.h */,
				80C76DE218E50E6C006B330E /* FBAreaRequest.m */,
			);
			path = Controller;
			sourceTree = "<group>";
		};
		80C76DD318E5043D006B330E /* Model */ = {
			isa = PBXGroup;
			children = (
			);
			path = Model;
			sourceTree = "<group>";
		};
		80C76DD418E5043D006B330E /* View */ = {
			isa = PBXGroup;
			children = (
				80C76DD918E50475006B330E /* LoginViewController.h */,
				80C76DDA18E50475006B330E /* LoginViewController.m */,
				80C76DDC18E5047E006B330E /* AppViewController.h */,
				80C76DDD18E5047E006B330E /* AppViewController.m */,
			);
			path = View;
			sourceTree = "<group>";
		};
		80C76DD518E5043D006B330E /* Resources */ = {
			isa = PBXGroup;
			children = (
				80C76DD618E5043D006B330E /* Storyboard */,
			);
			path = Resources;
			sourceTree = "<group>";
		};
		80C76DD618E5043D006B330E /* Storyboard */ = {
			isa = PBXGroup;
			children = (
				80C76DD718E50451006B330E /* Facebook.storyboard */,
			);
			path = Storyboard;
			sourceTree = "<group>";
		};
/* End PBXGroup section */

/* Begin PBXNativeTarget section */
		807113AF18E503B500C2316E /* FacebookApp */ = {
			isa = PBXNativeTarget;
			buildConfigurationList = 807113DC18E503B500C2316E /* Build configuration list for PBXNativeTarget "FacebookApp" */;
			buildPhases = (
				807113AC18E503B500C2316E /* Sources */,
				807113AD18E503B500C2316E /* Frameworks */,
				807113AE18E503B500C2316E /* Resources */,
			);
			buildRules = (
			);
			dependencies = (
			);
			name = FacebookApp;
			productName = FacebookApp;
			productReference = 807113B018E503B500C2316E /* FacebookApp.app */;
			productType = "com.apple.product-type.application";
		};
		807113CA18E503B500C2316E /* FacebookAppTests */ = {
			isa = PBXNativeTarget;
			buildConfigurationList = 807113DF18E503B500C2316E /* Build configuration list for PBXNativeTarget "FacebookAppTests" */;
			buildPhases = (
				807113C718E503B500C2316E /* Sources */,
				807113C818E503B500C2316E /* Frameworks */,
				807113C918E503B500C2316E /* Resources */,
			);
			buildRules = (
			);
			dependencies = (
				807113D118E503B500C2316E /* PBXTargetDependency */,
			);
			name = FacebookAppTests;
			productName = FacebookAppTests;
			productReference = 807113CB18E503B500C2316E /* FacebookAppTests.xctest */;
			productType = "com.apple.product-type.bundle.unit-test";
		};
/* End PBXNativeTarget section */

/* Begin PBXProject section */
		807113A818E503B500C2316E /* Project object */ = {
			isa = PBXProject;
			attributes = {
				LastUpgradeCheck = 0500;
				ORGANIZATIONNAME = "Franti Saúl Huamán Mera";
				TargetAttributes = {
					807113CA18E503B500C2316E = {
						TestTargetID = 807113AF18E503B500C2316E;
					};
				};
			};
			buildConfigurationList = 807113AB18E503B500C2316E /* Build configuration list for PBXProject "FacebookApp" */;
			compatibilityVersion = "Xcode 3.2";
			developmentRegion = English;
			hasScannedForEncodings = 0;
			knownRegions = (
				en,
			);
			mainGroup = 807113A718E503B500C2316E;
			productRefGroup = 807113B118E503B500C2316E /* Products */;
			projectDirPath = "";
			projectRoot = "";
			targets = (
				807113AF18E503B500C2316E /* FacebookApp */,
				807113CA18E503B500C2316E /* FacebookAppTests */,
			);
		};
/* End PBXProject section */

/* Begin PBXResourcesBuildPhase section */
		807113AE18E503B500C2316E /* Resources */ = {
			isa = PBXResourcesBuildPhase;
			buildActionMask = 2147483647;
			files = (
				807113BE18E503B500C2316E /* InfoPlist.strings in Resources */,
				80C76DD818E50451006B330E /* Facebook.storyboard in Resources */,
				807113C618E503B500C2316E /* Images.xcassets in Resources */,
			);
			runOnlyForDeploymentPostprocessing = 0;
		};
		807113C918E503B500C2316E /* Resources */ = {
			isa = PBXResourcesBuildPhase;
			buildActionMask = 2147483647;
			files = (
				807113D718E503B500C2316E /* InfoPlist.strings in Resources */,
			);
			runOnlyForDeploymentPostprocessing = 0;
		};
/* End PBXResourcesBuildPhase section */

/* Begin PBXSourcesBuildPhase section */
		807113AC18E503B500C2316E /* Sources */ = {
			isa = PBXSourcesBuildPhase;
			buildActionMask = 2147483647;
			files = (
				80C76DE318E50E6C006B330E /* FBAreaRequest.m in Sources */,
				807113C418E503B500C2316E /* AppDelegate.m in Sources */,
				807113C018E503B500C2316E /* main.m in Sources */,
				80C76DDE18E5047E006B330E /* AppViewController.m in Sources */,
				80C76DDB18E50475006B330E /* LoginViewController.m in Sources */,
			);
			runOnlyForDeploymentPostprocessing = 0;
		};
		807113C718E503B500C2316E /* Sources */ = {
			isa = PBXSourcesBuildPhase;
			buildActionMask = 2147483647;
			files = (
				807113D918E503B500C2316E /* FacebookAppTests.m in Sources */,
			);
			runOnlyForDeploymentPostprocessing = 0;
		};
/* End PBXSourcesBuildPhase section */

/* Begin PBXTargetDependency section */
		807113D118E503B500C2316E /* PBXTargetDependency */ = {
			isa = PBXTargetDependency;
			target = 807113AF18E503B500C2316E /* FacebookApp */;
			targetProxy = 807113D018E503B500C2316E /* PBXContainerItemProxy */;
		};
/* End PBXTargetDependency section */

/* Begin PBXVariantGroup section */
		807113BC18E503B500C2316E /* InfoPlist.strings */ = {
			isa = PBXVariantGroup;
			children = (
				807113BD18E503B500C2316E /* en */,
			);
			name = InfoPlist.strings;
			sourceTree = "<group>";
		};
		807113D518E503B500C2316E /* InfoPlist.strings */ = {
			isa = PBXVariantGroup;
			children = (
				807113D618E503B500C2316E /* en */,
			);
			name = InfoPlist.strings;
			sourceTree = "<group>";
		};
/* End PBXVariantGroup section */

/* Begin XCBuildConfiguration section */
		807113DA18E503B500C2316E /* Debug */ = {
			isa = XCBuildConfiguration;
			buildSettings = {
				ALWAYS_SEARCH_USER_PATHS = NO;
				ARCHS = "$(ARCHS_STANDARD_INCLUDING_64_BIT)";
				CLANG_CXX_LANGUAGE_STANDARD = "gnu++0x";
				CLANG_CXX_LIBRARY = "libc++";
				CLANG_ENABLE_MODULES = YES;
				CLANG_ENABLE_OBJC_ARC = YES;
				CLANG_WARN_BOOL_CONVERSION = YES;
				CLANG_WARN_CONSTANT_CONVERSION = YES;
				CLANG_WARN_DIRECT_OBJC_ISA_USAGE = YES_ERROR;
				CLANG_WARN_EMPTY_BODY = YES;
				CLANG_WARN_ENUM_CONVERSION = YES;
				CLANG_WARN_INT_CONVERSION = YES;
				CLANG_WARN_OBJC_ROOT_CLASS = YES_ERROR;
				CLANG_WARN__DUPLICATE_METHOD_MATCH = YES;
				"CODE_SIGN_IDENTITY[sdk=iphoneos*]" = "iPhone Developer";
				COPY_PHASE_STRIP = NO;
				GCC_C_LANGUAGE_STANDARD = gnu99;
				GCC_DYNAMIC_NO_PIC = NO;
				GCC_OPTIMIZATION_LEVEL = 0;
				GCC_PREPROCESSOR_DEFINITIONS = (
					"DEBUG=1",
					"$(inherited)",
				);
				GCC_SYMBOLS_PRIVATE_EXTERN = NO;
				GCC_WARN_64_TO_32_BIT_CONVERSION = YES;
				GCC_WARN_ABOUT_RETURN_TYPE = YES_ERROR;
				GCC_WARN_UNDECLARED_SELECTOR = YES;
				GCC_WARN_UNINITIALIZED_AUTOS = YES;
				GCC_WARN_UNUSED_FUNCTION = YES;
				GCC_WARN_UNUSED_VARIABLE = YES;
				IPHONEOS_DEPLOYMENT_TARGET = 7.0;
				ONLY_ACTIVE_ARCH = YES;
				SDKROOT = iphoneos;
			};
			name = Debug;
		};
		807113DB18E503B500C2316E /* Release */ = {
			isa = XCBuildConfiguration;
			buildSettings = {
				ALWAYS_SEARCH_USER_PATHS = NO;
				ARCHS = "$(ARCHS_STANDARD_INCLUDING_64_BIT)";
				CLANG_CXX_LANGUAGE_STANDARD = "gnu++0x";
				CLANG_CXX_LIBRARY = "libc++";
				CLANG_ENABLE_MODULES = YES;
				CLANG_ENABLE_OBJC_ARC = YES;
				CLANG_WARN_BOOL_CONVERSION = YES;
				CLANG_WARN_CONSTANT_CONVERSION = YES;
				CLANG_WARN_DIRECT_OBJC_ISA_USAGE = YES_ERROR;
				CLANG_WARN_EMPTY_BODY = YES;
				CLANG_WARN_ENUM_CONVERSION = YES;
				CLANG_WARN_INT_CONVERSION = YES;
				CLANG_WARN_OBJC_ROOT_CLASS = YES_ERROR;
				CLANG_WARN__DUPLICATE_METHOD_MATCH = YES;
				"CODE_SIGN_IDENTITY[sdk=iphoneos*]" = "iPhone Developer";
				COPY_PHASE_STRIP = YES;
				ENABLE_NS_ASSERTIONS = NO;
				GCC_C_LANGUAGE_STANDARD = gnu99;
				GCC_WARN_64_TO_32_BIT_CONVERSION = YES;
				GCC_WARN_ABOUT_RETURN_TYPE = YES_ERROR;
				GCC_WARN_UNDECLARED_SELECTOR = YES;
				GCC_WARN_UNINITIALIZED_AUTOS = YES;
				GCC_WARN_UNUSED_FUNCTION = YES;
				GCC_WARN_UNUSED_VARIABLE = YES;
				IPHONEOS_DEPLOYMENT_TARGET = 7.0;
				SDKROOT = iphoneos;
				VALIDATE_PRODUCT = YES;
			};
			name = Release;
		};
		807113DD18E503B500C2316E /* Debug */ = {
			isa = XCBuildConfiguration;
			buildSettings = {
				ASSETCATALOG_COMPILER_APPICON_NAME = AppIcon;
				ASSETCATALOG_COMPILER_LAUNCHIMAGE_NAME = LaunchImage;
				FRAMEWORK_SEARCH_PATHS = (
					"$(inherited)",
					/Users/Franti/Documents/github/newGroup09/iOSDev_Group09/module_3/class_03/FacebookApp,
				);
				GCC_PRECOMPILE_PREFIX_HEADER = YES;
				GCC_PREFIX_HEADER = "FacebookApp/FacebookApp-Prefix.pch";
				INFOPLIST_FILE = "FacebookApp/FacebookApp-Info.plist";
				PRODUCT_NAME = "$(TARGET_NAME)";
				WRAPPER_EXTENSION = app;
			};
			name = Debug;
		};
		807113DE18E503B500C2316E /* Release */ = {
			isa = XCBuildConfiguration;
			buildSettings = {
				ASSETCATALOG_COMPILER_APPICON_NAME = AppIcon;
				ASSETCATALOG_COMPILER_LAUNCHIMAGE_NAME = LaunchImage;
				FRAMEWORK_SEARCH_PATHS = (
					"$(inherited)",
					/Users/Franti/Documents/github/newGroup09/iOSDev_Group09/module_3/class_03/FacebookApp,
				);
				GCC_PRECOMPILE_PREFIX_HEADER = YES;
				GCC_PREFIX_HEADER = "FacebookApp/FacebookApp-Prefix.pch";
				INFOPLIST_FILE = "FacebookApp/FacebookApp-Info.plist";
				PRODUCT_NAME = "$(TARGET_NAME)";
				WRAPPER_EXTENSION = app;
			};
			name = Release;
		};
		807113E018E503B500C2316E /* Debug */ = {
			isa = XCBuildConfiguration;
			buildSettings = {
				ARCHS = "$(ARCHS_STANDARD_INCLUDING_64_BIT)";
				BUNDLE_LOADER = "$(BUILT_PRODUCTS_DIR)/FacebookApp.app/FacebookApp";
				FRAMEWORK_SEARCH_PATHS = (
					"$(SDKROOT)/Developer/Library/Frameworks",
					"$(inherited)",
					"$(DEVELOPER_FRAMEWORKS_DIR)",
				);
				GCC_PRECOMPILE_PREFIX_HEADER = YES;
				GCC_PREFIX_HEADER = "FacebookApp/FacebookApp-Prefix.pch";
				GCC_PREPROCESSOR_DEFINITIONS = (
					"DEBUG=1",
					"$(inherited)",
				);
				INFOPLIST_FILE = "FacebookAppTests/FacebookAppTests-Info.plist";
				PRODUCT_NAME = "$(TARGET_NAME)";
				TEST_HOST = "$(BUNDLE_LOADER)";
				WRAPPER_EXTENSION = xctest;
			};
			name = Debug;
		};
		807113E118E503B500C2316E /* Release */ = {
			isa = XCBuildConfiguration;
			buildSettings = {
				ARCHS = "$(ARCHS_STANDARD_INCLUDING_64_BIT)";
				BUNDLE_LOADER = "$(BUILT_PRODUCTS_DIR)/FacebookApp.app/FacebookApp";
				FRAMEWORK_SEARCH_PATHS = (
					"$(SDKROOT)/Developer/Library/Frameworks",
					"$(inherited)",
					"$(DEVELOPER_FRAMEWORKS_DIR)",
				);
				GCC_PRECOMPILE_PREFIX_HEADER = YES;
				GCC_PREFIX_HEADER = "FacebookApp/FacebookApp-Prefix.pch";
				INFOPLIST_FILE = "FacebookAppTests/FacebookAppTests-Info.plist";
				PRODUCT_NAME = "$(TARGET_NAME)";
				TEST_HOST = "$(BUNDLE_LOADER)";
				WRAPPER_EXTENSION = xctest;
			};
			name = Release;
		};
/* End XCBuildConfiguration section */

/* Begin XCConfigurationList section */
		807113AB18E503B500C2316E /* Build configuration list for PBXProject "FacebookApp" */ = {
			isa = XCConfigurationList;
			buildConfigurations = (
				807113DA18E503B500C2316E /* Debug */,
				807113DB18E503B500C2316E /* Release */,
			);
			defaultConfigurationIsVisible = 0;
			defaultConfigurationName = Release;
		};
		807113DC18E503B500C2316E /* Build configuration list for PBXNativeTarget "FacebookApp" */ = {
			isa = XCConfigurationList;
			buildConfigurations = (
				807113DD18E503B500C2316E /* Debug */,
				807113DE18E503B500C2316E /* Release */,
			);
			defaultConfigurationIsVisible = 0;
			defaultConfigurationName = Release;
		};
		807113DF18E503B500C2316E /* Build configuration list for PBXNativeTarget "FacebookAppTests" */ = {
			isa = XCConfigurationList;
			buildConfigurations = (
				807113E018E503B500C2316E /* Debug */,
				807113E118E503B500C2316E /* Release */,
			);
			defaultConfigurationIsVisible = 0;
			defaultConfigurationName = Release;
		};
/* End XCConfigurationList section */
	};
	rootObject = 807113A818E503B500C2316E /* Project object */;
}
