// !$*UTF8*$!
{
	archiveVersion = 1;
	classes = {
	};
	objectVersion = 46;
	objects = {

/* Begin PBXBuildFile section */
		800D5C3818A1BEA3008B0E49 /* HijoViewController.m in Sources */ = {isa = PBXBuildFile; fileRef = 800D5C3718A1BEA3008B0E49 /* HijoViewController.m */; };
		80D7720818A1B63800C364CC /* Foundation.framework in Frameworks */ = {isa = PBXBuildFile; fileRef = 80D7720718A1B63800C364CC /* Foundation.framework */; };
		80D7720A18A1B63800C364CC /* CoreGraphics.framework in Frameworks */ = {isa = PBXBuildFile; fileRef = 80D7720918A1B63800C364CC /* CoreGraphics.framework */; };
		80D7720C18A1B63800C364CC /* UIKit.framework in Frameworks */ = {isa = PBXBuildFile; fileRef = 80D7720B18A1B63800C364CC /* UIKit.framework */; };
		80D7721218A1B63800C364CC /* InfoPlist.strings in Resources */ = {isa = PBXBuildFile; fileRef = 80D7721018A1B63800C364CC /* InfoPlist.strings */; };
		80D7721418A1B63800C364CC /* main.m in Sources */ = {isa = PBXBuildFile; fileRef = 80D7721318A1B63800C364CC /* main.m */; };
		80D7721818A1B63800C364CC /* AppDelegate.m in Sources */ = {isa = PBXBuildFile; fileRef = 80D7721718A1B63800C364CC /* AppDelegate.m */; };
		80D7721B18A1B63800C364CC /* Main.storyboard in Resources */ = {isa = PBXBuildFile; fileRef = 80D7721918A1B63800C364CC /* Main.storyboard */; };
		80D7721E18A1B63800C364CC /* ViewController.m in Sources */ = {isa = PBXBuildFile; fileRef = 80D7721D18A1B63800C364CC /* ViewController.m */; };
		80D7722018A1B63800C364CC /* Images.xcassets in Resources */ = {isa = PBXBuildFile; fileRef = 80D7721F18A1B63800C364CC /* Images.xcassets */; };
		80D7722718A1B63800C364CC /* XCTest.framework in Frameworks */ = {isa = PBXBuildFile; fileRef = 80D7722618A1B63800C364CC /* XCTest.framework */; };
		80D7722818A1B63800C364CC /* Foundation.framework in Frameworks */ = {isa = PBXBuildFile; fileRef = 80D7720718A1B63800C364CC /* Foundation.framework */; };
		80D7722918A1B63800C364CC /* UIKit.framework in Frameworks */ = {isa = PBXBuildFile; fileRef = 80D7720B18A1B63800C364CC /* UIKit.framework */; };
		80D7723118A1B63800C364CC /* InfoPlist.strings in Resources */ = {isa = PBXBuildFile; fileRef = 80D7722F18A1B63800C364CC /* InfoPlist.strings */; };
		80D7723318A1B63800C364CC /* EjercicioPDTests.m in Sources */ = {isa = PBXBuildFile; fileRef = 80D7723218A1B63800C364CC /* EjercicioPDTests.m */; };
/* End PBXBuildFile section */

/* Begin PBXContainerItemProxy section */
		80D7722A18A1B63800C364CC /* PBXContainerItemProxy */ = {
			isa = PBXContainerItemProxy;
			containerPortal = 80D771FC18A1B63800C364CC /* Project object */;
			proxyType = 1;
			remoteGlobalIDString = 80D7720318A1B63800C364CC;
			remoteInfo = EjercicioPD;
		};
/* End PBXContainerItemProxy section */

/* Begin PBXFileReference section */
		800D5C3618A1BEA3008B0E49 /* HijoViewController.h */ = {isa = PBXFileReference; fileEncoding = 4; lastKnownFileType = sourcecode.c.h; path = HijoViewController.h; sourceTree = "<group>"; };
		800D5C3718A1BEA3008B0E49 /* HijoViewController.m */ = {isa = PBXFileReference; fileEncoding = 4; lastKnownFileType = sourcecode.c.objc; path = HijoViewController.m; sourceTree = "<group>"; };
		80D7720418A1B63800C364CC /* EjercicioPD.app */ = {isa = PBXFileReference; explicitFileType = wrapper.application; includeInIndex = 0; path = EjercicioPD.app; sourceTree = BUILT_PRODUCTS_DIR; };
		80D7720718A1B63800C364CC /* Foundation.framework */ = {isa = PBXFileReference; lastKnownFileType = wrapper.framework; name = Foundation.framework; path = System/Library/Frameworks/Foundation.framework; sourceTree = SDKROOT; };
		80D7720918A1B63800C364CC /* CoreGraphics.framework */ = {isa = PBXFileReference; lastKnownFileType = wrapper.framework; name = CoreGraphics.framework; path = System/Library/Frameworks/CoreGraphics.framework; sourceTree = SDKROOT; };
		80D7720B18A1B63800C364CC /* UIKit.framework */ = {isa = PBXFileReference; lastKnownFileType = wrapper.framework; name = UIKit.framework; path = System/Library/Frameworks/UIKit.framework; sourceTree = SDKROOT; };
		80D7720F18A1B63800C364CC /* EjercicioPD-Info.plist */ = {isa = PBXFileReference; lastKnownFileType = text.plist.xml; path = "EjercicioPD-Info.plist"; sourceTree = "<group>"; };
		80D7721118A1B63800C364CC /* en */ = {isa = PBXFileReference; lastKnownFileType = text.plist.strings; name = en; path = en.lproj/InfoPlist.strings; sourceTree = "<group>"; };
		80D7721318A1B63800C364CC /* main.m */ = {isa = PBXFileReference; lastKnownFileType = sourcecode.c.objc; path = main.m; sourceTree = "<group>"; };
		80D7721518A1B63800C364CC /* EjercicioPD-Prefix.pch */ = {isa = PBXFileReference; lastKnownFileType = sourcecode.c.h; path = "EjercicioPD-Prefix.pch"; sourceTree = "<group>"; };
		80D7721618A1B63800C364CC /* AppDelegate.h */ = {isa = PBXFileReference; lastKnownFileType = sourcecode.c.h; path = AppDelegate.h; sourceTree = "<group>"; };
		80D7721718A1B63800C364CC /* AppDelegate.m */ = {isa = PBXFileReference; lastKnownFileType = sourcecode.c.objc; path = AppDelegate.m; sourceTree = "<group>"; };
		80D7721A18A1B63800C364CC /* Base */ = {isa = PBXFileReference; lastKnownFileType = file.storyboard; name = Base; path = Base.lproj/Main.storyboard; sourceTree = "<group>"; };
		80D7721C18A1B63800C364CC /* ViewController.h */ = {isa = PBXFileReference; lastKnownFileType = sourcecode.c.h; path = ViewController.h; sourceTree = "<group>"; };
		80D7721D18A1B63800C364CC /* ViewController.m */ = {isa = PBXFileReference; lastKnownFileType = sourcecode.c.objc; path = ViewController.m; sourceTree = "<group>"; };
		80D7721F18A1B63800C364CC /* Images.xcassets */ = {isa = PBXFileReference; lastKnownFileType = folder.assetcatalog; path = Images.xcassets; sourceTree = "<group>"; };
		80D7722518A1B63800C364CC /* EjercicioPDTests.xctest */ = {isa = PBXFileReference; explicitFileType = wrapper.cfbundle; includeInIndex = 0; path = EjercicioPDTests.xctest; sourceTree = BUILT_PRODUCTS_DIR; };
		80D7722618A1B63800C364CC /* XCTest.framework */ = {isa = PBXFileReference; lastKnownFileType = wrapper.framework; name = XCTest.framework; path = Library/Frameworks/XCTest.framework; sourceTree = DEVELOPER_DIR; };
		80D7722E18A1B63800C364CC /* EjercicioPDTests-Info.plist */ = {isa = PBXFileReference; lastKnownFileType = text.plist.xml; path = "EjercicioPDTests-Info.plist"; sourceTree = "<group>"; };
		80D7723018A1B63800C364CC /* en */ = {isa = PBXFileReference; lastKnownFileType = text.plist.strings; name = en; path = en.lproj/InfoPlist.strings; sourceTree = "<group>"; };
		80D7723218A1B63800C364CC /* EjercicioPDTests.m */ = {isa = PBXFileReference; lastKnownFileType = sourcecode.c.objc; path = EjercicioPDTests.m; sourceTree = "<group>"; };
/* End PBXFileReference section */

/* Begin PBXFrameworksBuildPhase section */
		80D7720118A1B63800C364CC /* Frameworks */ = {
			isa = PBXFrameworksBuildPhase;
			buildActionMask = 2147483647;
			files = (
				80D7720A18A1B63800C364CC /* CoreGraphics.framework in Frameworks */,
				80D7720C18A1B63800C364CC /* UIKit.framework in Frameworks */,
				80D7720818A1B63800C364CC /* Foundation.framework in Frameworks */,
			);
			runOnlyForDeploymentPostprocessing = 0;
		};
		80D7722218A1B63800C364CC /* Frameworks */ = {
			isa = PBXFrameworksBuildPhase;
			buildActionMask = 2147483647;
			files = (
				80D7722718A1B63800C364CC /* XCTest.framework in Frameworks */,
				80D7722918A1B63800C364CC /* UIKit.framework in Frameworks */,
				80D7722818A1B63800C364CC /* Foundation.framework in Frameworks */,
			);
			runOnlyForDeploymentPostprocessing = 0;
		};
/* End PBXFrameworksBuildPhase section */

/* Begin PBXGroup section */
		80D771FB18A1B63800C364CC = {
			isa = PBXGroup;
			children = (
				80D7720D18A1B63800C364CC /* EjercicioPD */,
				80D7722C18A1B63800C364CC /* EjercicioPDTests */,
				80D7720618A1B63800C364CC /* Frameworks */,
				80D7720518A1B63800C364CC /* Products */,
			);
			sourceTree = "<group>";
		};
		80D7720518A1B63800C364CC /* Products */ = {
			isa = PBXGroup;
			children = (
				80D7720418A1B63800C364CC /* EjercicioPD.app */,
				80D7722518A1B63800C364CC /* EjercicioPDTests.xctest */,
			);
			name = Products;
			sourceTree = "<group>";
		};
		80D7720618A1B63800C364CC /* Frameworks */ = {
			isa = PBXGroup;
			children = (
				80D7720718A1B63800C364CC /* Foundation.framework */,
				80D7720918A1B63800C364CC /* CoreGraphics.framework */,
				80D7720B18A1B63800C364CC /* UIKit.framework */,
				80D7722618A1B63800C364CC /* XCTest.framework */,
			);
			name = Frameworks;
			sourceTree = "<group>";
		};
		80D7720D18A1B63800C364CC /* EjercicioPD */ = {
			isa = PBXGroup;
			children = (
				80D7721618A1B63800C364CC /* AppDelegate.h */,
				80D7721718A1B63800C364CC /* AppDelegate.m */,
				80D7721918A1B63800C364CC /* Main.storyboard */,
				80D7721C18A1B63800C364CC /* ViewController.h */,
				80D7721D18A1B63800C364CC /* ViewController.m */,
				80D7721F18A1B63800C364CC /* Images.xcassets */,
				80D7720E18A1B63800C364CC /* Supporting Files */,
				800D5C3618A1BEA3008B0E49 /* HijoViewController.h */,
				800D5C3718A1BEA3008B0E49 /* HijoViewController.m */,
			);
			path = EjercicioPD;
			sourceTree = "<group>";
		};
		80D7720E18A1B63800C364CC /* Supporting Files */ = {
			isa = PBXGroup;
			children = (
				80D7720F18A1B63800C364CC /* EjercicioPD-Info.plist */,
				80D7721018A1B63800C364CC /* InfoPlist.strings */,
				80D7721318A1B63800C364CC /* main.m */,
				80D7721518A1B63800C364CC /* EjercicioPD-Prefix.pch */,
			);
			name = "Supporting Files";
			sourceTree = "<group>";
		};
		80D7722C18A1B63800C364CC /* EjercicioPDTests */ = {
			isa = PBXGroup;
			children = (
				80D7723218A1B63800C364CC /* EjercicioPDTests.m */,
				80D7722D18A1B63800C364CC /* Supporting Files */,
			);
			path = EjercicioPDTests;
			sourceTree = "<group>";
		};
		80D7722D18A1B63800C364CC /* Supporting Files */ = {
			isa = PBXGroup;
			children = (
				80D7722E18A1B63800C364CC /* EjercicioPDTests-Info.plist */,
				80D7722F18A1B63800C364CC /* InfoPlist.strings */,
			);
			name = "Supporting Files";
			sourceTree = "<group>";
		};
/* End PBXGroup section */

/* Begin PBXNativeTarget section */
		80D7720318A1B63800C364CC /* EjercicioPD */ = {
			isa = PBXNativeTarget;
			buildConfigurationList = 80D7723618A1B63900C364CC /* Build configuration list for PBXNativeTarget "EjercicioPD" */;
			buildPhases = (
				80D7720018A1B63800C364CC /* Sources */,
				80D7720118A1B63800C364CC /* Frameworks */,
				80D7720218A1B63800C364CC /* Resources */,
			);
			buildRules = (
			);
			dependencies = (
			);
			name = EjercicioPD;
			productName = EjercicioPD;
			productReference = 80D7720418A1B63800C364CC /* EjercicioPD.app */;
			productType = "com.apple.product-type.application";
		};
		80D7722418A1B63800C364CC /* EjercicioPDTests */ = {
			isa = PBXNativeTarget;
			buildConfigurationList = 80D7723918A1B63900C364CC /* Build configuration list for PBXNativeTarget "EjercicioPDTests" */;
			buildPhases = (
				80D7722118A1B63800C364CC /* Sources */,
				80D7722218A1B63800C364CC /* Frameworks */,
				80D7722318A1B63800C364CC /* Resources */,
			);
			buildRules = (
			);
			dependencies = (
				80D7722B18A1B63800C364CC /* PBXTargetDependency */,
			);
			name = EjercicioPDTests;
			productName = EjercicioPDTests;
			productReference = 80D7722518A1B63800C364CC /* EjercicioPDTests.xctest */;
			productType = "com.apple.product-type.bundle.unit-test";
		};
/* End PBXNativeTarget section */

/* Begin PBXProject section */
		80D771FC18A1B63800C364CC /* Project object */ = {
			isa = PBXProject;
			attributes = {
				LastUpgradeCheck = 0500;
				ORGANIZATIONNAME = "Franti Saúl Huamán Mera";
				TargetAttributes = {
					80D7722418A1B63800C364CC = {
						TestTargetID = 80D7720318A1B63800C364CC;
					};
				};
			};
			buildConfigurationList = 80D771FF18A1B63800C364CC /* Build configuration list for PBXProject "EjercicioPD" */;
			compatibilityVersion = "Xcode 3.2";
			developmentRegion = English;
			hasScannedForEncodings = 0;
			knownRegions = (
				en,
				Base,
			);
			mainGroup = 80D771FB18A1B63800C364CC;
			productRefGroup = 80D7720518A1B63800C364CC /* Products */;
			projectDirPath = "";
			projectRoot = "";
			targets = (
				80D7720318A1B63800C364CC /* EjercicioPD */,
				80D7722418A1B63800C364CC /* EjercicioPDTests */,
			);
		};
/* End PBXProject section */

/* Begin PBXResourcesBuildPhase section */
		80D7720218A1B63800C364CC /* Resources */ = {
			isa = PBXResourcesBuildPhase;
			buildActionMask = 2147483647;
			files = (
				80D7722018A1B63800C364CC /* Images.xcassets in Resources */,
				80D7721218A1B63800C364CC /* InfoPlist.strings in Resources */,
				80D7721B18A1B63800C364CC /* Main.storyboard in Resources */,
			);
			runOnlyForDeploymentPostprocessing = 0;
		};
		80D7722318A1B63800C364CC /* Resources */ = {
			isa = PBXResourcesBuildPhase;
			buildActionMask = 2147483647;
			files = (
				80D7723118A1B63800C364CC /* InfoPlist.strings in Resources */,
			);
			runOnlyForDeploymentPostprocessing = 0;
		};
/* End PBXResourcesBuildPhase section */

/* Begin PBXSourcesBuildPhase section */
		80D7720018A1B63800C364CC /* Sources */ = {
			isa = PBXSourcesBuildPhase;
			buildActionMask = 2147483647;
			files = (
				800D5C3818A1BEA3008B0E49 /* HijoViewController.m in Sources */,
				80D7721E18A1B63800C364CC /* ViewController.m in Sources */,
				80D7721818A1B63800C364CC /* AppDelegate.m in Sources */,
				80D7721418A1B63800C364CC /* main.m in Sources */,
			);
			runOnlyForDeploymentPostprocessing = 0;
		};
		80D7722118A1B63800C364CC /* Sources */ = {
			isa = PBXSourcesBuildPhase;
			buildActionMask = 2147483647;
			files = (
				80D7723318A1B63800C364CC /* EjercicioPDTests.m in Sources */,
			);
			runOnlyForDeploymentPostprocessing = 0;
		};
/* End PBXSourcesBuildPhase section */

/* Begin PBXTargetDependency section */
		80D7722B18A1B63800C364CC /* PBXTargetDependency */ = {
			isa = PBXTargetDependency;
			target = 80D7720318A1B63800C364CC /* EjercicioPD */;
			targetProxy = 80D7722A18A1B63800C364CC /* PBXContainerItemProxy */;
		};
/* End PBXTargetDependency section */

/* Begin PBXVariantGroup section */
		80D7721018A1B63800C364CC /* InfoPlist.strings */ = {
			isa = PBXVariantGroup;
			children = (
				80D7721118A1B63800C364CC /* en */,
			);
			name = InfoPlist.strings;
			sourceTree = "<group>";
		};
		80D7721918A1B63800C364CC /* Main.storyboard */ = {
			isa = PBXVariantGroup;
			children = (
				80D7721A18A1B63800C364CC /* Base */,
			);
			name = Main.storyboard;
			sourceTree = "<group>";
		};
		80D7722F18A1B63800C364CC /* InfoPlist.strings */ = {
			isa = PBXVariantGroup;
			children = (
				80D7723018A1B63800C364CC /* en */,
			);
			name = InfoPlist.strings;
			sourceTree = "<group>";
		};
/* End PBXVariantGroup section */

/* Begin XCBuildConfiguration section */
		80D7723418A1B63900C364CC /* Debug */ = {
			isa = XCBuildConfiguration;
			buildSettings = {
				ALWAYS_SEARCH_USER_PATHS = NO;
				ARCHS = "$(ARCHS_STANDARD_INCLUDING_64_BIT)";
				CLANG_CXX_LANGUAGE_STANDARD = "gnu++0x";
				CLANG_CXX_LIBRARY = "libc++";
				CLANG_ENABLE_MODULES = YES;
				CLANG_ENABLE_OBJC_ARC = YES;
				CLANG_WARN_BOOL_CONVERSION = YES;
				CLANG_WARN_CONSTANT_CONVERSION = YES;
				CLANG_WARN_DIRECT_OBJC_ISA_USAGE = YES_ERROR;
				CLANG_WARN_EMPTY_BODY = YES;
				CLANG_WARN_ENUM_CONVERSION = YES;
				CLANG_WARN_INT_CONVERSION = YES;
				CLANG_WARN_OBJC_ROOT_CLASS = YES_ERROR;
				CLANG_WARN__DUPLICATE_METHOD_MATCH = YES;
				"CODE_SIGN_IDENTITY[sdk=iphoneos*]" = "iPhone Developer";
				COPY_PHASE_STRIP = NO;
				GCC_C_LANGUAGE_STANDARD = gnu99;
				GCC_DYNAMIC_NO_PIC = NO;
				GCC_OPTIMIZATION_LEVEL = 0;
				GCC_PREPROCESSOR_DEFINITIONS = (
					"DEBUG=1",
					"$(inherited)",
				);
				GCC_SYMBOLS_PRIVATE_EXTERN = NO;
				GCC_WARN_64_TO_32_BIT_CONVERSION = YES;
				GCC_WARN_ABOUT_RETURN_TYPE = YES_ERROR;
				GCC_WARN_UNDECLARED_SELECTOR = YES;
				GCC_WARN_UNINITIALIZED_AUTOS = YES;
				GCC_WARN_UNUSED_FUNCTION = YES;
				GCC_WARN_UNUSED_VARIABLE = YES;
				IPHONEOS_DEPLOYMENT_TARGET = 7.0;
				ONLY_ACTIVE_ARCH = YES;
				SDKROOT = iphoneos;
			};
			name = Debug;
		};
		80D7723518A1B63900C364CC /* Release */ = {
			isa = XCBuildConfiguration;
			buildSettings = {
				ALWAYS_SEARCH_USER_PATHS = NO;
				ARCHS = "$(ARCHS_STANDARD_INCLUDING_64_BIT)";
				CLANG_CXX_LANGUAGE_STANDARD = "gnu++0x";
				CLANG_CXX_LIBRARY = "libc++";
				CLANG_ENABLE_MODULES = YES;
				CLANG_ENABLE_OBJC_ARC = YES;
				CLANG_WARN_BOOL_CONVERSION = YES;
				CLANG_WARN_CONSTANT_CONVERSION = YES;
				CLANG_WARN_DIRECT_OBJC_ISA_USAGE = YES_ERROR;
				CLANG_WARN_EMPTY_BODY = YES;
				CLANG_WARN_ENUM_CONVERSION = YES;
				CLANG_WARN_INT_CONVERSION = YES;
				CLANG_WARN_OBJC_ROOT_CLASS = YES_ERROR;
				CLANG_WARN__DUPLICATE_METHOD_MATCH = YES;
				"CODE_SIGN_IDENTITY[sdk=iphoneos*]" = "iPhone Developer";
				COPY_PHASE_STRIP = YES;
				ENABLE_NS_ASSERTIONS = NO;
				GCC_C_LANGUAGE_STANDARD = gnu99;
				GCC_WARN_64_TO_32_BIT_CONVERSION = YES;
				GCC_WARN_ABOUT_RETURN_TYPE = YES_ERROR;
				GCC_WARN_UNDECLARED_SELECTOR = YES;
				GCC_WARN_UNINITIALIZED_AUTOS = YES;
				GCC_WARN_UNUSED_FUNCTION = YES;
				GCC_WARN_UNUSED_VARIABLE = YES;
				IPHONEOS_DEPLOYMENT_TARGET = 7.0;
				SDKROOT = iphoneos;
				VALIDATE_PRODUCT = YES;
			};
			name = Release;
		};
		80D7723718A1B63900C364CC /* Debug */ = {
			isa = XCBuildConfiguration;
			buildSettings = {
				ASSETCATALOG_COMPILER_APPICON_NAME = AppIcon;
				ASSETCATALOG_COMPILER_LAUNCHIMAGE_NAME = LaunchImage;
				GCC_PRECOMPILE_PREFIX_HEADER = YES;
				GCC_PREFIX_HEADER = "EjercicioPD/EjercicioPD-Prefix.pch";
				INFOPLIST_FILE = "EjercicioPD/EjercicioPD-Info.plist";
				PRODUCT_NAME = "$(TARGET_NAME)";
				WRAPPER_EXTENSION = app;
			};
			name = Debug;
		};
		80D7723818A1B63900C364CC /* Release */ = {
			isa = XCBuildConfiguration;
			buildSettings = {
				ASSETCATALOG_COMPILER_APPICON_NAME = AppIcon;
				ASSETCATALOG_COMPILER_LAUNCHIMAGE_NAME = LaunchImage;
				GCC_PRECOMPILE_PREFIX_HEADER = YES;
				GCC_PREFIX_HEADER = "EjercicioPD/EjercicioPD-Prefix.pch";
				INFOPLIST_FILE = "EjercicioPD/EjercicioPD-Info.plist";
				PRODUCT_NAME = "$(TARGET_NAME)";
				WRAPPER_EXTENSION = app;
			};
			name = Release;
		};
		80D7723A18A1B63900C364CC /* Debug */ = {
			isa = XCBuildConfiguration;
			buildSettings = {
				ARCHS = "$(ARCHS_STANDARD_INCLUDING_64_BIT)";
				BUNDLE_LOADER = "$(BUILT_PRODUCTS_DIR)/EjercicioPD.app/EjercicioPD";
				FRAMEWORK_SEARCH_PATHS = (
					"$(SDKROOT)/Developer/Library/Frameworks",
					"$(inherited)",
					"$(DEVELOPER_FRAMEWORKS_DIR)",
				);
				GCC_PRECOMPILE_PREFIX_HEADER = YES;
				GCC_PREFIX_HEADER = "EjercicioPD/EjercicioPD-Prefix.pch";
				GCC_PREPROCESSOR_DEFINITIONS = (
					"DEBUG=1",
					"$(inherited)",
				);
				INFOPLIST_FILE = "EjercicioPDTests/EjercicioPDTests-Info.plist";
				PRODUCT_NAME = "$(TARGET_NAME)";
				TEST_HOST = "$(BUNDLE_LOADER)";
				WRAPPER_EXTENSION = xctest;
			};
			name = Debug;
		};
		80D7723B18A1B63900C364CC /* Release */ = {
			isa = XCBuildConfiguration;
			buildSettings = {
				ARCHS = "$(ARCHS_STANDARD_INCLUDING_64_BIT)";
				BUNDLE_LOADER = "$(BUILT_PRODUCTS_DIR)/EjercicioPD.app/EjercicioPD";
				FRAMEWORK_SEARCH_PATHS = (
					"$(SDKROOT)/Developer/Library/Frameworks",
					"$(inherited)",
					"$(DEVELOPER_FRAMEWORKS_DIR)",
				);
				GCC_PRECOMPILE_PREFIX_HEADER = YES;
				GCC_PREFIX_HEADER = "EjercicioPD/EjercicioPD-Prefix.pch";
				INFOPLIST_FILE = "EjercicioPDTests/EjercicioPDTests-Info.plist";
				PRODUCT_NAME = "$(TARGET_NAME)";
				TEST_HOST = "$(BUNDLE_LOADER)";
				WRAPPER_EXTENSION = xctest;
			};
			name = Release;
		};
/* End XCBuildConfiguration section */

/* Begin XCConfigurationList section */
		80D771FF18A1B63800C364CC /* Build configuration list for PBXProject "EjercicioPD" */ = {
			isa = XCConfigurationList;
			buildConfigurations = (
				80D7723418A1B63900C364CC /* Debug */,
				80D7723518A1B63900C364CC /* Release */,
			);
			defaultConfigurationIsVisible = 0;
			defaultConfigurationName = Release;
		};
		80D7723618A1B63900C364CC /* Build configuration list for PBXNativeTarget "EjercicioPD" */ = {
			isa = XCConfigurationList;
			buildConfigurations = (
				80D7723718A1B63900C364CC /* Debug */,
				80D7723818A1B63900C364CC /* Release */,
			);
			defaultConfigurationIsVisible = 0;
			defaultConfigurationName = Release;
		};
		80D7723918A1B63900C364CC /* Build configuration list for PBXNativeTarget "EjercicioPDTests" */ = {
			isa = XCConfigurationList;
			buildConfigurations = (
				80D7723A18A1B63900C364CC /* Debug */,
				80D7723B18A1B63900C364CC /* Release */,
			);
			defaultConfigurationIsVisible = 0;
			defaultConfigurationName = Release;
		};
/* End XCConfigurationList section */
	};
	rootObject = 80D771FC18A1B63800C364CC /* Project object */;
}
